
Microsoft Visual Studio Solution File, Format Version 12.00
# Visual Studio 15
VisualStudioVersion = 15.0.26730.16
MinimumVisualStudioVersion = 10.0.40219.1
Project("{FAE04EC0-301F-11D3-BF4B-00C04F79EFBC}") = "Laba4_2", "Laba4_2\Laba4_2.csproj", "{D1EA1505-8ED1-4A24-9DCA-A3B777943EF9}"
EndProject
Global
	GlobalSection(SolutionConfigurationPlatforms) = preSolution
		Debug|Any CPU = Debug|Any CPU
		Release|Any CPU = Release|Any CPU
	EndGlobalSection
	GlobalSection(ProjectConfigurationPlatforms) = postSolution
		{D1EA1505-8ED1-4A24-9DCA-A3B777943EF9}.Debug|Any CPU.ActiveCfg = Debug|Any CPU
		{D1EA1505-8ED1-4A24-9DCA-A3B777943EF9}.Debug|Any CPU.Build.0 = Debug|Any CPU
		{D1EA1505-8ED1-4A24-9DCA-A3B777943EF9}.Release|Any CPU.ActiveCfg = Release|Any CPU
		{D1EA1505-8ED1-4A24-9DCA-A3B777943EF9}.Release|Any CPU.Build.0 = Release|Any CPU
	EndGlobalSection
	GlobalSection(SolutionProperties) = preSolution
		HideSolutionNode = FALSE
	EndGlobalSection
	GlobalSection(ExtensibilityGlobals) = postSolution
		SolutionGuid = {67533E08-CDCD-4046-963A-87E071CF7572}
	EndGlobalSection
EndGlobal
